
Microsoft Visual Studio Solution File, Format Version 12.00
# Visual Studio Version 17
VisualStudioVersion = 17.2.32630.192
MinimumVisualStudioVersion = 10.0.40219.1
Project("{2150E333-8FDC-42A3-9474-1A3956D46DE8}") = "Applications", "Applications", "{F6781438-36E9-4469-8C3E-C0FB04505189}"
EndProject
Project("{9A19103F-16F7-4668-BE54-9A1E7A4F7556}") = "ValueAndReferenceTypes", "ValueAndReferenceTypes\ValueAndReferenceTypes.csproj", "{0A749BAD-4080-44A6-949B-CBD7FAABB1D4}"
EndProject
Project("{2150E333-8FDC-42A3-9474-1A3956D46DE8}") = "DataStructures", "DataStructures", "{DDAA6EA2-106F-406B-A856-09D99B0F2046}"
EndProject
Project("{2150E333-8FDC-42A3-9474-1A3956D46DE8}") = "Tests", "Tests", "{BF3607F4-2D44-4CFF-BA29-F482EDABE961}"
EndProject
Project("{2150E333-8FDC-42A3-9474-1A3956D46DE8}") = "UIs", "UIs", "{9079A421-37D3-4D71-880C-013036E33198}"
EndProject
Project("{9A19103F-16F7-4668-BE54-9A1E7A4F7556}") = "ArrayApp", "ArrayApp\ArrayApp.csproj", "{F5C1CC50-3D65-44E6-A672-A2910E5E7B2C}"
EndProject
Project("{9A19103F-16F7-4668-BE54-9A1E7A4F7556}") = "LinkedListApp", "LinkedListApp\LinkedListApp.csproj", "{CB4369C7-34D7-4C59-B010-D89CAAE63C12}"
EndProject
Project("{9A19103F-16F7-4668-BE54-9A1E7A4F7556}") = "StackApp", "StackApp\StackApp.csproj", "{0E59192F-DE55-4AC6-974A-02F33E7A8859}"
EndProject
Project("{9A19103F-16F7-4668-BE54-9A1E7A4F7556}") = "ValueAndRefTypeApp", "ValueAndRefTypeApp\ValueAndRefTypeApp.csproj", "{79B16D0B-DFCA-4ED3-9C67-DA9C0CDB8E3D}"
EndProject
Project("{2150E333-8FDC-42A3-9474-1A3956D46DE8}") = "ApplicationsTests", "ApplicationsTests", "{19328172-90AC-4323-A109-D295B0DD7FDD}"
EndProject
Project("{2150E333-8FDC-42A3-9474-1A3956D46DE8}") = "DataStructuresTests", "DataStructuresTests", "{36E056F4-6CDB-4E6C-99D4-0AEEF20B1F1C}"
EndProject
Project("{FAE04EC0-301F-11D3-BF4B-00C04F79EFBC}") = "CollectionsTests", "CollectionsTests\CollectionsTests.csproj", "{E262A15D-5C50-4217-A1F5-4150C4AA09FF}"
EndProject
Project("{FAE04EC0-301F-11D3-BF4B-00C04F79EFBC}") = "ValueAndRefTypesTests", "ValueAndRefTypesTests\ValueAndRefTypesTests.csproj", "{13883D92-D582-477C-8A3F-56B357F94F58}"
EndProject
Project("{FAE04EC0-301F-11D3-BF4B-00C04F79EFBC}") = "Array", "Array\Array.csproj", "{E4D3A233-23A9-4A11-A824-2C5E951D275A}"
EndProject
Project("{FAE04EC0-301F-11D3-BF4B-00C04F79EFBC}") = "LinkedList", "LinkedList\LinkedList.csproj", "{E3067145-039A-49B4-BA13-83A1D2262CF7}"
EndProject
Project("{FAE04EC0-301F-11D3-BF4B-00C04F79EFBC}") = "Stack", "Stack\Stack.csproj", "{A6668D13-DAD6-4F0F-A44B-63E5166D7F5C}"
EndProject
Global
	GlobalSection(SolutionConfigurationPlatforms) = preSolution
		Debug|Any CPU = Debug|Any CPU
		Release|Any CPU = Release|Any CPU
	EndGlobalSection
	GlobalSection(ProjectConfigurationPlatforms) = postSolution
		{0A749BAD-4080-44A6-949B-CBD7FAABB1D4}.Debug|Any CPU.ActiveCfg = Debug|Any CPU
		{0A749BAD-4080-44A6-949B-CBD7FAABB1D4}.Debug|Any CPU.Build.0 = Debug|Any CPU
		{0A749BAD-4080-44A6-949B-CBD7FAABB1D4}.Release|Any CPU.ActiveCfg = Release|Any CPU
		{0A749BAD-4080-44A6-949B-CBD7FAABB1D4}.Release|Any CPU.Build.0 = Release|Any CPU
		{F5C1CC50-3D65-44E6-A672-A2910E5E7B2C}.Debug|Any CPU.ActiveCfg = Debug|Any CPU
		{F5C1CC50-3D65-44E6-A672-A2910E5E7B2C}.Debug|Any CPU.Build.0 = Debug|Any CPU
		{F5C1CC50-3D65-44E6-A672-A2910E5E7B2C}.Release|Any CPU.ActiveCfg = Release|Any CPU
		{F5C1CC50-3D65-44E6-A672-A2910E5E7B2C}.Release|Any CPU.Build.0 = Release|Any CPU
		{CB4369C7-34D7-4C59-B010-D89CAAE63C12}.Debug|Any CPU.ActiveCfg = Debug|Any CPU
		{CB4369C7-34D7-4C59-B010-D89CAAE63C12}.Debug|Any CPU.Build.0 = Debug|Any CPU
		{CB4369C7-34D7-4C59-B010-D89CAAE63C12}.Release|Any CPU.ActiveCfg = Release|Any CPU
		{CB4369C7-34D7-4C59-B010-D89CAAE63C12}.Release|Any CPU.Build.0 = Release|Any CPU
		{0E59192F-DE55-4AC6-974A-02F33E7A8859}.Debug|Any CPU.ActiveCfg = Debug|Any CPU
		{0E59192F-DE55-4AC6-974A-02F33E7A8859}.Debug|Any CPU.Build.0 = Debug|Any CPU
		{0E59192F-DE55-4AC6-974A-02F33E7A8859}.Release|Any CPU.ActiveCfg = Release|Any CPU
		{0E59192F-DE55-4AC6-974A-02F33E7A8859}.Release|Any CPU.Build.0 = Release|Any CPU
		{79B16D0B-DFCA-4ED3-9C67-DA9C0CDB8E3D}.Debug|Any CPU.ActiveCfg = Debug|Any CPU
		{79B16D0B-DFCA-4ED3-9C67-DA9C0CDB8E3D}.Debug|Any CPU.Build.0 = Debug|Any CPU
		{79B16D0B-DFCA-4ED3-9C67-DA9C0CDB8E3D}.Release|Any CPU.ActiveCfg = Release|Any CPU
		{79B16D0B-DFCA-4ED3-9C67-DA9C0CDB8E3D}.Release|Any CPU.Build.0 = Release|Any CPU
		{E262A15D-5C50-4217-A1F5-4150C4AA09FF}.Debug|Any CPU.ActiveCfg = Debug|Any CPU
		{E262A15D-5C50-4217-A1F5-4150C4AA09FF}.Debug|Any CPU.Build.0 = Debug|Any CPU
		{E262A15D-5C50-4217-A1F5-4150C4AA09FF}.Release|Any CPU.ActiveCfg = Release|Any CPU
		{E262A15D-5C50-4217-A1F5-4150C4AA09FF}.Release|Any CPU.Build.0 = Release|Any CPU
		{13883D92-D582-477C-8A3F-56B357F94F58}.Debug|Any CPU.ActiveCfg = Debug|Any CPU
		{13883D92-D582-477C-8A3F-56B357F94F58}.Debug|Any CPU.Build.0 = Debug|Any CPU
		{13883D92-D582-477C-8A3F-56B357F94F58}.Release|Any CPU.ActiveCfg = Release|Any CPU
		{13883D92-D582-477C-8A3F-56B357F94F58}.Release|Any CPU.Build.0 = Release|Any CPU
		{E4D3A233-23A9-4A11-A824-2C5E951D275A}.Debug|Any CPU.ActiveCfg = Debug|Any CPU
		{E4D3A233-23A9-4A11-A824-2C5E951D275A}.Debug|Any CPU.Build.0 = Debug|Any CPU
		{E4D3A233-23A9-4A11-A824-2C5E951D275A}.Release|Any CPU.ActiveCfg = Release|Any CPU
		{E4D3A233-23A9-4A11-A824-2C5E951D275A}.Release|Any CPU.Build.0 = Release|Any CPU
		{E3067145-039A-49B4-BA13-83A1D2262CF7}.Debug|Any CPU.ActiveCfg = Debug|Any CPU
		{E3067145-039A-49B4-BA13-83A1D2262CF7}.Debug|Any CPU.Build.0 = Debug|Any CPU
		{E3067145-039A-49B4-BA13-83A1D2262CF7}.Release|Any CPU.ActiveCfg = Release|Any CPU
		{E3067145-039A-49B4-BA13-83A1D2262CF7}.Release|Any CPU.Build.0 = Release|Any CPU
		{A6668D13-DAD6-4F0F-A44B-63E5166D7F5C}.Debug|Any CPU.ActiveCfg = Debug|Any CPU
		{A6668D13-DAD6-4F0F-A44B-63E5166D7F5C}.Debug|Any CPU.Build.0 = Debug|Any CPU
		{A6668D13-DAD6-4F0F-A44B-63E5166D7F5C}.Release|Any CPU.ActiveCfg = Release|Any CPU
		{A6668D13-DAD6-4F0F-A44B-63E5166D7F5C}.Release|Any CPU.Build.0 = Release|Any CPU
	EndGlobalSection
	GlobalSection(SolutionProperties) = preSolution
		HideSolutionNode = FALSE
	EndGlobalSection
	GlobalSection(NestedProjects) = preSolution
		{0A749BAD-4080-44A6-949B-CBD7FAABB1D4} = {F6781438-36E9-4469-8C3E-C0FB04505189}
		{F5C1CC50-3D65-44E6-A672-A2910E5E7B2C} = {9079A421-37D3-4D71-880C-013036E33198}
		{CB4369C7-34D7-4C59-B010-D89CAAE63C12} = {9079A421-37D3-4D71-880C-013036E33198}
		{0E59192F-DE55-4AC6-974A-02F33E7A8859} = {9079A421-37D3-4D71-880C-013036E33198}
		{79B16D0B-DFCA-4ED3-9C67-DA9C0CDB8E3D} = {9079A421-37D3-4D71-880C-013036E33198}
		{19328172-90AC-4323-A109-D295B0DD7FDD} = {BF3607F4-2D44-4CFF-BA29-F482EDABE961}
		{36E056F4-6CDB-4E6C-99D4-0AEEF20B1F1C} = {BF3607F4-2D44-4CFF-BA29-F482EDABE961}
		{E262A15D-5C50-4217-A1F5-4150C4AA09FF} = {19328172-90AC-4323-A109-D295B0DD7FDD}
		{13883D92-D582-477C-8A3F-56B357F94F58} = {19328172-90AC-4323-A109-D295B0DD7FDD}
		{E4D3A233-23A9-4A11-A824-2C5E951D275A} = {DDAA6EA2-106F-406B-A856-09D99B0F2046}
		{E3067145-039A-49B4-BA13-83A1D2262CF7} = {DDAA6EA2-106F-406B-A856-09D99B0F2046}
		{A6668D13-DAD6-4F0F-A44B-63E5166D7F5C} = {DDAA6EA2-106F-406B-A856-09D99B0F2046}
	EndGlobalSection
	GlobalSection(ExtensibilityGlobals) = postSolution
		SolutionGuid = {BEB643BA-8364-46EF-992E-3AEA72D2CB3C}
	EndGlobalSection
EndGlobal
